
Microsoft Visual Studio Solution File, Format Version 12.00
# Visual Studio Version 17
VisualStudioVersion = 17.2.32616.157
MinimumVisualStudioVersion = 10.0.40219.1
Project("{9A19103F-16F7-4668-BE54-9A1E7A4F7556}") = "FilmReviewAPI", "FilmReviewAPI\FilmReviewAPI.csproj", "{8AD06615-0158-49DB-9475-EFC29B68A46D}"
EndProject
Project("{FAE04EC0-301F-11D3-BF4B-00C04F79EFBC}") = "FilmReviewAPI.Tests", "FilmReviewAPI.Tests\FilmReviewAPI.Tests.csproj", "{663CCF66-7287-4C7B-B62E-03FF40320077}"
EndProject
Global
	GlobalSection(SolutionConfigurationPlatforms) = preSolution
		Debug|Any CPU = Debug|Any CPU
		Release|Any CPU = Release|Any CPU
	EndGlobalSection
	GlobalSection(ProjectConfigurationPlatforms) = postSolution
		{8AD06615-0158-49DB-9475-EFC29B68A46D}.Debug|Any CPU.ActiveCfg = Debug|Any CPU
		{8AD06615-0158-49DB-9475-EFC29B68A46D}.Debug|Any CPU.Build.0 = Debug|Any CPU
		{8AD06615-0158-49DB-9475-EFC29B68A46D}.Release|Any CPU.ActiveCfg = Release|Any CPU
		{8AD06615-0158-49DB-9475-EFC29B68A46D}.Release|Any CPU.Build.0 = Release|Any CPU
		{663CCF66-7287-4C7B-B62E-03FF40320077}.Debug|Any CPU.ActiveCfg = Debug|Any CPU
		{663CCF66-7287-4C7B-B62E-03FF40320077}.Debug|Any CPU.Build.0 = Debug|Any CPU
		{663CCF66-7287-4C7B-B62E-03FF40320077}.Release|Any CPU.ActiveCfg = Release|Any CPU
		{663CCF66-7287-4C7B-B62E-03FF40320077}.Release|Any CPU.Build.0 = Release|Any CPU
	EndGlobalSection
	GlobalSection(SolutionProperties) = preSolution
		HideSolutionNode = FALSE
	EndGlobalSection
	GlobalSection(ExtensibilityGlobals) = postSolution
		SolutionGuid = {1E50C4BE-054C-45E5-A920-0AE5C95E0F86}
	EndGlobalSection
EndGlobal
